
Microsoft Visual Studio Solution File, Format Version 12.00
# Visual Studio Version 16
VisualStudioVersion = 16.0.30428.66
MinimumVisualStudioVersion = 10.0.40219.1
Project("{9A19103F-16F7-4668-BE54-9A1E7A4F7556}") = "CoreCT", "CoreCT\CoreCT.csproj", "{D46CEB08-3661-482E-B4D8-F797C2082229}"
EndProject
Project("{2150E333-8FDC-42A3-9474-1A3956D46DE8}") = "Applications", "Applications", "{7060CF7C-B63B-4167-A1D6-658CF114DABA}"
EndProject
Project("{2150E333-8FDC-42A3-9474-1A3956D46DE8}") = "VB Projects", "VB Projects", "{946CC00B-7CC7-43BC-81DC-913240C1BEF4}"
EndProject
Project("{2150E333-8FDC-42A3-9474-1A3956D46DE8}") = "CS Projects", "CS Projects", "{A7EBFFC5-D83A-4820-B104-343B9CEE39CE}"
EndProject
Project("{778DAE3C-4631-46EA-AA77-85C1314464D9}") = "DTInterop", "..\dtlib-net5\DTInterop\DTInterop.vbproj", "{96B92EDC-D3CA-42B6-B5C1-578F97D6B402}"
EndProject
Project("{778DAE3C-4631-46EA-AA77-85C1314464D9}") = "DTMath", "..\dtlib-net5\DTMath\DTMath.vbproj", "{2663D2B0-ABB0-46B2-A5DC-EC9235773F91}"
EndProject
Project("{9A19103F-16F7-4668-BE54-9A1E7A4F7556}") = "CTNativeLib", "CTNativeLib\CTNativeLib.csproj", "{8C504AFA-7E1B-4055-9564-D0AFB9E24401}"
EndProject
Project("{9A19103F-16F7-4668-BE54-9A1E7A4F7556}") = "CTShell", "CTShell\CTShell.csproj", "{965547B5-82DB-41D1-A346-BC1A7D146B47}"
EndProject
Project("{9A19103F-16F7-4668-BE54-9A1E7A4F7556}") = "AssetTool", "AssetTool\AssetTool.csproj", "{BABC926D-A829-41E8-AFF9-4B1DF9EDB408}"
EndProject
Project("{778DAE3C-4631-46EA-AA77-85C1314464D9}") = "DTCore", "..\dtlib-net5\DTCore\DTCore.vbproj", "{3DE0945B-DDAD-4D41-B34E-B50ED20BA36D}"
EndProject
Project("{9A19103F-16F7-4668-BE54-9A1E7A4F7556}") = "MMAppHook", "MMAppHook\MMAppHook.csproj", "{B4A720B8-23CF-4297-993B-C782576AFD79}"
EndProject
Project("{9A19103F-16F7-4668-BE54-9A1E7A4F7556}") = "MMAppHookLib", "MMAppHookLib\MMAppHookLib.csproj", "{0658CE4A-02CC-4802-B36A-1F082D0C748F}"
EndProject
Project("{8BC9CEB8-8B4A-11D0-8D11-00A0C91BC942}") = "MMHookLib", "MMHookLib\MMHookLib.vcxproj", "{485D0325-3C76-4828-B46D-A5859143D7C5}"
EndProject
Project("{778DAE3C-4631-46EA-AA77-85C1314464D9}") = "InteropTest", "..\dtlib-net5\InteropTest\InteropTest.vbproj", "{DA48D371-2249-4FC8-A31F-E3334123E171}"
EndProject
Global
	GlobalSection(SolutionConfigurationPlatforms) = preSolution
		Debug|Any CPU = Debug|Any CPU
		Debug|x64 = Debug|x64
		Debug|x86 = Debug|x86
		Release|Any CPU = Release|Any CPU
		Release|x64 = Release|x64
		Release|x86 = Release|x86
	EndGlobalSection
	GlobalSection(ProjectConfigurationPlatforms) = postSolution
		{D46CEB08-3661-482E-B4D8-F797C2082229}.Debug|Any CPU.ActiveCfg = Debug|Any CPU
		{D46CEB08-3661-482E-B4D8-F797C2082229}.Debug|Any CPU.Build.0 = Debug|Any CPU
		{D46CEB08-3661-482E-B4D8-F797C2082229}.Debug|x64.ActiveCfg = Debug|x64
		{D46CEB08-3661-482E-B4D8-F797C2082229}.Debug|x64.Build.0 = Debug|x64
		{D46CEB08-3661-482E-B4D8-F797C2082229}.Debug|x86.ActiveCfg = Debug|x86
		{D46CEB08-3661-482E-B4D8-F797C2082229}.Debug|x86.Build.0 = Debug|x86
		{D46CEB08-3661-482E-B4D8-F797C2082229}.Release|Any CPU.ActiveCfg = Release|Any CPU
		{D46CEB08-3661-482E-B4D8-F797C2082229}.Release|Any CPU.Build.0 = Release|Any CPU
		{D46CEB08-3661-482E-B4D8-F797C2082229}.Release|x64.ActiveCfg = Release|x64
		{D46CEB08-3661-482E-B4D8-F797C2082229}.Release|x64.Build.0 = Release|x64
		{D46CEB08-3661-482E-B4D8-F797C2082229}.Release|x86.ActiveCfg = Release|x86
		{D46CEB08-3661-482E-B4D8-F797C2082229}.Release|x86.Build.0 = Release|x86
		{96B92EDC-D3CA-42B6-B5C1-578F97D6B402}.Debug|Any CPU.ActiveCfg = Debug|Any CPU
		{96B92EDC-D3CA-42B6-B5C1-578F97D6B402}.Debug|Any CPU.Build.0 = Debug|Any CPU
		{96B92EDC-D3CA-42B6-B5C1-578F97D6B402}.Debug|x64.ActiveCfg = Debug|x64
		{96B92EDC-D3CA-42B6-B5C1-578F97D6B402}.Debug|x64.Build.0 = Debug|x64
		{96B92EDC-D3CA-42B6-B5C1-578F97D6B402}.Debug|x86.ActiveCfg = Debug|x86
		{96B92EDC-D3CA-42B6-B5C1-578F97D6B402}.Debug|x86.Build.0 = Debug|x86
		{96B92EDC-D3CA-42B6-B5C1-578F97D6B402}.Release|Any CPU.ActiveCfg = Release|Any CPU
		{96B92EDC-D3CA-42B6-B5C1-578F97D6B402}.Release|Any CPU.Build.0 = Release|Any CPU
		{96B92EDC-D3CA-42B6-B5C1-578F97D6B402}.Release|x64.ActiveCfg = Release|x64
		{96B92EDC-D3CA-42B6-B5C1-578F97D6B402}.Release|x64.Build.0 = Release|x64
		{96B92EDC-D3CA-42B6-B5C1-578F97D6B402}.Release|x86.ActiveCfg = Release|x86
		{96B92EDC-D3CA-42B6-B5C1-578F97D6B402}.Release|x86.Build.0 = Release|x86
		{2663D2B0-ABB0-46B2-A5DC-EC9235773F91}.Debug|Any CPU.ActiveCfg = Debug|Any CPU
		{2663D2B0-ABB0-46B2-A5DC-EC9235773F91}.Debug|Any CPU.Build.0 = Debug|Any CPU
		{2663D2B0-ABB0-46B2-A5DC-EC9235773F91}.Debug|x64.ActiveCfg = Debug|x64
		{2663D2B0-ABB0-46B2-A5DC-EC9235773F91}.Debug|x64.Build.0 = Debug|x64
		{2663D2B0-ABB0-46B2-A5DC-EC9235773F91}.Debug|x86.ActiveCfg = Debug|x86
		{2663D2B0-ABB0-46B2-A5DC-EC9235773F91}.Debug|x86.Build.0 = Debug|x86
		{2663D2B0-ABB0-46B2-A5DC-EC9235773F91}.Release|Any CPU.ActiveCfg = Release|Any CPU
		{2663D2B0-ABB0-46B2-A5DC-EC9235773F91}.Release|Any CPU.Build.0 = Release|Any CPU
		{2663D2B0-ABB0-46B2-A5DC-EC9235773F91}.Release|x64.ActiveCfg = Release|x64
		{2663D2B0-ABB0-46B2-A5DC-EC9235773F91}.Release|x64.Build.0 = Release|x64
		{2663D2B0-ABB0-46B2-A5DC-EC9235773F91}.Release|x86.ActiveCfg = Release|x86
		{2663D2B0-ABB0-46B2-A5DC-EC9235773F91}.Release|x86.Build.0 = Release|x86
		{8C504AFA-7E1B-4055-9564-D0AFB9E24401}.Debug|Any CPU.ActiveCfg = Debug|Any CPU
		{8C504AFA-7E1B-4055-9564-D0AFB9E24401}.Debug|Any CPU.Build.0 = Debug|Any CPU
		{8C504AFA-7E1B-4055-9564-D0AFB9E24401}.Debug|x64.ActiveCfg = Debug|x64
		{8C504AFA-7E1B-4055-9564-D0AFB9E24401}.Debug|x64.Build.0 = Debug|x64
		{8C504AFA-7E1B-4055-9564-D0AFB9E24401}.Debug|x86.ActiveCfg = Debug|x86
		{8C504AFA-7E1B-4055-9564-D0AFB9E24401}.Debug|x86.Build.0 = Debug|x86
		{8C504AFA-7E1B-4055-9564-D0AFB9E24401}.Release|Any CPU.ActiveCfg = Release|Any CPU
		{8C504AFA-7E1B-4055-9564-D0AFB9E24401}.Release|Any CPU.Build.0 = Release|Any CPU
		{8C504AFA-7E1B-4055-9564-D0AFB9E24401}.Release|x64.ActiveCfg = Release|Any CPU
		{8C504AFA-7E1B-4055-9564-D0AFB9E24401}.Release|x64.Build.0 = Release|Any CPU
		{8C504AFA-7E1B-4055-9564-D0AFB9E24401}.Release|x86.ActiveCfg = Release|Any CPU
		{8C504AFA-7E1B-4055-9564-D0AFB9E24401}.Release|x86.Build.0 = Release|Any CPU
		{965547B5-82DB-41D1-A346-BC1A7D146B47}.Debug|Any CPU.ActiveCfg = Debug|Any CPU
		{965547B5-82DB-41D1-A346-BC1A7D146B47}.Debug|Any CPU.Build.0 = Debug|Any CPU
		{965547B5-82DB-41D1-A346-BC1A7D146B47}.Debug|x64.ActiveCfg = Debug|x64
		{965547B5-82DB-41D1-A346-BC1A7D146B47}.Debug|x64.Build.0 = Debug|x64
		{965547B5-82DB-41D1-A346-BC1A7D146B47}.Debug|x86.ActiveCfg = Debug|x86
		{965547B5-82DB-41D1-A346-BC1A7D146B47}.Debug|x86.Build.0 = Debug|x86
		{965547B5-82DB-41D1-A346-BC1A7D146B47}.Release|Any CPU.ActiveCfg = Release|Any CPU
		{965547B5-82DB-41D1-A346-BC1A7D146B47}.Release|Any CPU.Build.0 = Release|Any CPU
		{965547B5-82DB-41D1-A346-BC1A7D146B47}.Release|x64.ActiveCfg = Release|x64
		{965547B5-82DB-41D1-A346-BC1A7D146B47}.Release|x64.Build.0 = Release|x64
		{965547B5-82DB-41D1-A346-BC1A7D146B47}.Release|x86.ActiveCfg = Release|x86
		{965547B5-82DB-41D1-A346-BC1A7D146B47}.Release|x86.Build.0 = Release|x86
		{BABC926D-A829-41E8-AFF9-4B1DF9EDB408}.Debug|Any CPU.ActiveCfg = Debug|Any CPU
		{BABC926D-A829-41E8-AFF9-4B1DF9EDB408}.Debug|Any CPU.Build.0 = Debug|Any CPU
		{BABC926D-A829-41E8-AFF9-4B1DF9EDB408}.Debug|x64.ActiveCfg = Debug|x64
		{BABC926D-A829-41E8-AFF9-4B1DF9EDB408}.Debug|x64.Build.0 = Debug|x64
		{BABC926D-A829-41E8-AFF9-4B1DF9EDB408}.Debug|x86.ActiveCfg = Debug|x86
		{BABC926D-A829-41E8-AFF9-4B1DF9EDB408}.Debug|x86.Build.0 = Debug|x86
		{BABC926D-A829-41E8-AFF9-4B1DF9EDB408}.Release|Any CPU.ActiveCfg = Release|Any CPU
		{BABC926D-A829-41E8-AFF9-4B1DF9EDB408}.Release|Any CPU.Build.0 = Release|Any CPU
		{BABC926D-A829-41E8-AFF9-4B1DF9EDB408}.Release|x64.ActiveCfg = Release|x64
		{BABC926D-A829-41E8-AFF9-4B1DF9EDB408}.Release|x64.Build.0 = Release|x64
		{BABC926D-A829-41E8-AFF9-4B1DF9EDB408}.Release|x86.ActiveCfg = Release|x86
		{BABC926D-A829-41E8-AFF9-4B1DF9EDB408}.Release|x86.Build.0 = Release|x86
		{3DE0945B-DDAD-4D41-B34E-B50ED20BA36D}.Debug|Any CPU.ActiveCfg = Debug|Any CPU
		{3DE0945B-DDAD-4D41-B34E-B50ED20BA36D}.Debug|Any CPU.Build.0 = Debug|Any CPU
		{3DE0945B-DDAD-4D41-B34E-B50ED20BA36D}.Debug|x64.ActiveCfg = Debug|x64
		{3DE0945B-DDAD-4D41-B34E-B50ED20BA36D}.Debug|x64.Build.0 = Debug|x64
		{3DE0945B-DDAD-4D41-B34E-B50ED20BA36D}.Debug|x86.ActiveCfg = Debug|x86
		{3DE0945B-DDAD-4D41-B34E-B50ED20BA36D}.Debug|x86.Build.0 = Debug|x86
		{3DE0945B-DDAD-4D41-B34E-B50ED20BA36D}.Release|Any CPU.ActiveCfg = Release|Any CPU
		{3DE0945B-DDAD-4D41-B34E-B50ED20BA36D}.Release|Any CPU.Build.0 = Release|Any CPU
		{3DE0945B-DDAD-4D41-B34E-B50ED20BA36D}.Release|x64.ActiveCfg = Release|x64
		{3DE0945B-DDAD-4D41-B34E-B50ED20BA36D}.Release|x64.Build.0 = Release|x64
		{3DE0945B-DDAD-4D41-B34E-B50ED20BA36D}.Release|x86.ActiveCfg = Release|x86
		{3DE0945B-DDAD-4D41-B34E-B50ED20BA36D}.Release|x86.Build.0 = Release|x86
		{B4A720B8-23CF-4297-993B-C782576AFD79}.Debug|Any CPU.ActiveCfg = Debug|Any CPU
		{B4A720B8-23CF-4297-993B-C782576AFD79}.Debug|Any CPU.Build.0 = Debug|Any CPU
		{B4A720B8-23CF-4297-993B-C782576AFD79}.Debug|x64.ActiveCfg = Debug|x64
		{B4A720B8-23CF-4297-993B-C782576AFD79}.Debug|x64.Build.0 = Debug|x64
		{B4A720B8-23CF-4297-993B-C782576AFD79}.Debug|x86.ActiveCfg = Debug|x86
		{B4A720B8-23CF-4297-993B-C782576AFD79}.Debug|x86.Build.0 = Debug|x86
		{B4A720B8-23CF-4297-993B-C782576AFD79}.Release|Any CPU.ActiveCfg = Release|Any CPU
		{B4A720B8-23CF-4297-993B-C782576AFD79}.Release|Any CPU.Build.0 = Release|Any CPU
		{B4A720B8-23CF-4297-993B-C782576AFD79}.Release|x64.ActiveCfg = Release|Any CPU
		{B4A720B8-23CF-4297-993B-C782576AFD79}.Release|x64.Build.0 = Release|Any CPU
		{B4A720B8-23CF-4297-993B-C782576AFD79}.Release|x86.ActiveCfg = Release|Any CPU
		{B4A720B8-23CF-4297-993B-C782576AFD79}.Release|x86.Build.0 = Release|Any CPU
		{0658CE4A-02CC-4802-B36A-1F082D0C748F}.Debug|Any CPU.ActiveCfg = Debug|Any CPU
		{0658CE4A-02CC-4802-B36A-1F082D0C748F}.Debug|Any CPU.Build.0 = Debug|Any CPU
		{0658CE4A-02CC-4802-B36A-1F082D0C748F}.Debug|x64.ActiveCfg = Debug|Any CPU
		{0658CE4A-02CC-4802-B36A-1F082D0C748F}.Debug|x64.Build.0 = Debug|Any CPU
		{0658CE4A-02CC-4802-B36A-1F082D0C748F}.Debug|x86.ActiveCfg = Debug|Any CPU
		{0658CE4A-02CC-4802-B36A-1F082D0C748F}.Debug|x86.Build.0 = Debug|Any CPU
		{0658CE4A-02CC-4802-B36A-1F082D0C748F}.Release|Any CPU.ActiveCfg = Release|Any CPU
		{0658CE4A-02CC-4802-B36A-1F082D0C748F}.Release|Any CPU.Build.0 = Release|Any CPU
		{0658CE4A-02CC-4802-B36A-1F082D0C748F}.Release|x64.ActiveCfg = Release|Any CPU
		{0658CE4A-02CC-4802-B36A-1F082D0C748F}.Release|x64.Build.0 = Release|Any CPU
		{0658CE4A-02CC-4802-B36A-1F082D0C748F}.Release|x86.ActiveCfg = Release|Any CPU
		{0658CE4A-02CC-4802-B36A-1F082D0C748F}.Release|x86.Build.0 = Release|Any CPU
		{485D0325-3C76-4828-B46D-A5859143D7C5}.Debug|Any CPU.ActiveCfg = Debug|Win32
		{485D0325-3C76-4828-B46D-A5859143D7C5}.Debug|x64.ActiveCfg = Debug|x64
		{485D0325-3C76-4828-B46D-A5859143D7C5}.Debug|x64.Build.0 = Debug|x64
		{485D0325-3C76-4828-B46D-A5859143D7C5}.Debug|x86.ActiveCfg = Debug|Win32
		{485D0325-3C76-4828-B46D-A5859143D7C5}.Debug|x86.Build.0 = Debug|Win32
		{485D0325-3C76-4828-B46D-A5859143D7C5}.Release|Any CPU.ActiveCfg = Release|Win32
		{485D0325-3C76-4828-B46D-A5859143D7C5}.Release|x64.ActiveCfg = Release|x64
		{485D0325-3C76-4828-B46D-A5859143D7C5}.Release|x64.Build.0 = Release|x64
		{485D0325-3C76-4828-B46D-A5859143D7C5}.Release|x86.ActiveCfg = Release|Win32
		{485D0325-3C76-4828-B46D-A5859143D7C5}.Release|x86.Build.0 = Release|Win32
		{DA48D371-2249-4FC8-A31F-E3334123E171}.Debug|Any CPU.ActiveCfg = Debug|Any CPU
		{DA48D371-2249-4FC8-A31F-E3334123E171}.Debug|Any CPU.Build.0 = Debug|Any CPU
		{DA48D371-2249-4FC8-A31F-E3334123E171}.Debug|x64.ActiveCfg = Debug|x64
		{DA48D371-2249-4FC8-A31F-E3334123E171}.Debug|x64.Build.0 = Debug|x64
		{DA48D371-2249-4FC8-A31F-E3334123E171}.Debug|x86.ActiveCfg = Debug|x86
		{DA48D371-2249-4FC8-A31F-E3334123E171}.Debug|x86.Build.0 = Debug|x86
		{DA48D371-2249-4FC8-A31F-E3334123E171}.Release|Any CPU.ActiveCfg = Release|Any CPU
		{DA48D371-2249-4FC8-A31F-E3334123E171}.Release|Any CPU.Build.0 = Release|Any CPU
		{DA48D371-2249-4FC8-A31F-E3334123E171}.Release|x64.ActiveCfg = Release|x64
		{DA48D371-2249-4FC8-A31F-E3334123E171}.Release|x64.Build.0 = Release|x64
		{DA48D371-2249-4FC8-A31F-E3334123E171}.Release|x86.ActiveCfg = Release|x86
		{DA48D371-2249-4FC8-A31F-E3334123E171}.Release|x86.Build.0 = Release|x86
	EndGlobalSection
	GlobalSection(SolutionProperties) = preSolution
		HideSolutionNode = FALSE
	EndGlobalSection
	GlobalSection(NestedProjects) = preSolution
		{D46CEB08-3661-482E-B4D8-F797C2082229} = {A7EBFFC5-D83A-4820-B104-343B9CEE39CE}
		{96B92EDC-D3CA-42B6-B5C1-578F97D6B402} = {946CC00B-7CC7-43BC-81DC-913240C1BEF4}
		{2663D2B0-ABB0-46B2-A5DC-EC9235773F91} = {946CC00B-7CC7-43BC-81DC-913240C1BEF4}
		{8C504AFA-7E1B-4055-9564-D0AFB9E24401} = {A7EBFFC5-D83A-4820-B104-343B9CEE39CE}
		{965547B5-82DB-41D1-A346-BC1A7D146B47} = {A7EBFFC5-D83A-4820-B104-343B9CEE39CE}
		{BABC926D-A829-41E8-AFF9-4B1DF9EDB408} = {7060CF7C-B63B-4167-A1D6-658CF114DABA}
		{3DE0945B-DDAD-4D41-B34E-B50ED20BA36D} = {946CC00B-7CC7-43BC-81DC-913240C1BEF4}
		{B4A720B8-23CF-4297-993B-C782576AFD79} = {7060CF7C-B63B-4167-A1D6-658CF114DABA}
		{0658CE4A-02CC-4802-B36A-1F082D0C748F} = {7060CF7C-B63B-4167-A1D6-658CF114DABA}
		{DA48D371-2249-4FC8-A31F-E3334123E171} = {7060CF7C-B63B-4167-A1D6-658CF114DABA}
	EndGlobalSection
	GlobalSection(ExtensibilityGlobals) = postSolution
		SolutionGuid = {267AEB02-711C-41A8-BB3C-9256603FADBA}
	EndGlobalSection
EndGlobal
