
Microsoft Visual Studio Solution File, Format Version 12.00
# Visual Studio Version 16
VisualStudioVersion = 16.0.30611.23
MinimumVisualStudioVersion = 10.0.40219.1
Project("{8BC9CEB8-8B4A-11D0-8D11-00A0C91BC942}") = "MMHookLib", "MMHookLib\MMHookLib.vcxproj", "{485D0325-3C76-4828-B46D-A5859143D7C5}"
EndProject
Project("{9A19103F-16F7-4668-BE54-9A1E7A4F7556}") = "DataTools", "..\DataTools5\DataTools\DataTools.csproj", "{67D115F5-4AB2-446C-A5CC-45B9ABA33CBA}"
EndProject
Project("{9A19103F-16F7-4668-BE54-9A1E7A4F7556}") = "DataTools.Win32Api", "..\DataTools5\DataTools.Win32Api\DataTools.Win32Api.csproj", "{13AD993C-B08D-4DF8-BBEA-8B6856977060}"
EndProject
Project("{9A19103F-16F7-4668-BE54-9A1E7A4F7556}") = "DataTools.Hardware", "..\DataTools5\DataTools.Hardware\DataTools.Hardware.csproj", "{58904A41-2D6F-4F37-8EE4-5367109F9856}"
EndProject
Project("{9A19103F-16F7-4668-BE54-9A1E7A4F7556}") = "MMWndT", "MMWndT\MMWndT.csproj", "{93C9A4E0-E8F5-447B-9BD1-443393FA082B}"
EndProject
Project("{9A19103F-16F7-4668-BE54-9A1E7A4F7556}") = "MMWndSvc", "MMWndSvc\MMWndSvc.csproj", "{42C06EEF-FE0A-499F-9086-9CC7B0523E00}"
EndProject
Project("{9A19103F-16F7-4668-BE54-9A1E7A4F7556}") = "MMHLR32", "MMHLR\MMHLR32.csproj", "{61AD10D4-7F32-4846-90CB-FBAEB4FED2F5}"
EndProject
Project("{9A19103F-16F7-4668-BE54-9A1E7A4F7556}") = "MMHLR64", "MMHLR\MMHLR64.csproj", "{40971C24-D1AA-4CAF-90E6-5FBBE1E80B76}"
EndProject
Project("{2150E333-8FDC-42A3-9474-1A3956D46DE8}") = "Libraries", "Libraries", "{062DFABB-D923-4BA7-9429-B5096D429C0C}"
EndProject
Global
	GlobalSection(SolutionConfigurationPlatforms) = preSolution
		Debug|Any CPU = Debug|Any CPU
		Debug|x64 = Debug|x64
		Debug|x86 = Debug|x86
		Release|Any CPU = Release|Any CPU
		Release|x64 = Release|x64
		Release|x86 = Release|x86
	EndGlobalSection
	GlobalSection(ProjectConfigurationPlatforms) = postSolution
		{485D0325-3C76-4828-B46D-A5859143D7C5}.Debug|Any CPU.ActiveCfg = Debug|Win32
		{485D0325-3C76-4828-B46D-A5859143D7C5}.Debug|Any CPU.Build.0 = Debug|Win32
		{485D0325-3C76-4828-B46D-A5859143D7C5}.Debug|x64.ActiveCfg = Debug|x64
		{485D0325-3C76-4828-B46D-A5859143D7C5}.Debug|x64.Build.0 = Debug|x64
		{485D0325-3C76-4828-B46D-A5859143D7C5}.Debug|x86.ActiveCfg = Debug|Win32
		{485D0325-3C76-4828-B46D-A5859143D7C5}.Debug|x86.Build.0 = Debug|Win32
		{485D0325-3C76-4828-B46D-A5859143D7C5}.Release|Any CPU.ActiveCfg = Release|Win32
		{485D0325-3C76-4828-B46D-A5859143D7C5}.Release|Any CPU.Build.0 = Release|Win32
		{485D0325-3C76-4828-B46D-A5859143D7C5}.Release|x64.ActiveCfg = Release|x64
		{485D0325-3C76-4828-B46D-A5859143D7C5}.Release|x64.Build.0 = Release|x64
		{485D0325-3C76-4828-B46D-A5859143D7C5}.Release|x86.ActiveCfg = Release|Win32
		{485D0325-3C76-4828-B46D-A5859143D7C5}.Release|x86.Build.0 = Release|Win32
		{67D115F5-4AB2-446C-A5CC-45B9ABA33CBA}.Debug|Any CPU.ActiveCfg = Debug|Any CPU
		{67D115F5-4AB2-446C-A5CC-45B9ABA33CBA}.Debug|Any CPU.Build.0 = Debug|Any CPU
		{67D115F5-4AB2-446C-A5CC-45B9ABA33CBA}.Debug|x64.ActiveCfg = Debug|x64
		{67D115F5-4AB2-446C-A5CC-45B9ABA33CBA}.Debug|x64.Build.0 = Debug|x64
		{67D115F5-4AB2-446C-A5CC-45B9ABA33CBA}.Debug|x86.ActiveCfg = Debug|x86
		{67D115F5-4AB2-446C-A5CC-45B9ABA33CBA}.Debug|x86.Build.0 = Debug|x86
		{67D115F5-4AB2-446C-A5CC-45B9ABA33CBA}.Release|Any CPU.ActiveCfg = Release|Any CPU
		{67D115F5-4AB2-446C-A5CC-45B9ABA33CBA}.Release|Any CPU.Build.0 = Release|Any CPU
		{67D115F5-4AB2-446C-A5CC-45B9ABA33CBA}.Release|x64.ActiveCfg = Release|x64
		{67D115F5-4AB2-446C-A5CC-45B9ABA33CBA}.Release|x64.Build.0 = Release|x64
		{67D115F5-4AB2-446C-A5CC-45B9ABA33CBA}.Release|x86.ActiveCfg = Release|x86
		{67D115F5-4AB2-446C-A5CC-45B9ABA33CBA}.Release|x86.Build.0 = Release|x86
		{13AD993C-B08D-4DF8-BBEA-8B6856977060}.Debug|Any CPU.ActiveCfg = Debug|Any CPU
		{13AD993C-B08D-4DF8-BBEA-8B6856977060}.Debug|Any CPU.Build.0 = Debug|Any CPU
		{13AD993C-B08D-4DF8-BBEA-8B6856977060}.Debug|x64.ActiveCfg = Debug|x64
		{13AD993C-B08D-4DF8-BBEA-8B6856977060}.Debug|x64.Build.0 = Debug|x64
		{13AD993C-B08D-4DF8-BBEA-8B6856977060}.Debug|x86.ActiveCfg = Debug|x86
		{13AD993C-B08D-4DF8-BBEA-8B6856977060}.Debug|x86.Build.0 = Debug|x86
		{13AD993C-B08D-4DF8-BBEA-8B6856977060}.Release|Any CPU.ActiveCfg = Release|Any CPU
		{13AD993C-B08D-4DF8-BBEA-8B6856977060}.Release|Any CPU.Build.0 = Release|Any CPU
		{13AD993C-B08D-4DF8-BBEA-8B6856977060}.Release|x64.ActiveCfg = Release|x64
		{13AD993C-B08D-4DF8-BBEA-8B6856977060}.Release|x64.Build.0 = Release|x64
		{13AD993C-B08D-4DF8-BBEA-8B6856977060}.Release|x86.ActiveCfg = Release|x86
		{13AD993C-B08D-4DF8-BBEA-8B6856977060}.Release|x86.Build.0 = Release|x86
		{58904A41-2D6F-4F37-8EE4-5367109F9856}.Debug|Any CPU.ActiveCfg = Debug|Any CPU
		{58904A41-2D6F-4F37-8EE4-5367109F9856}.Debug|Any CPU.Build.0 = Debug|Any CPU
		{58904A41-2D6F-4F37-8EE4-5367109F9856}.Debug|x64.ActiveCfg = Debug|x64
		{58904A41-2D6F-4F37-8EE4-5367109F9856}.Debug|x64.Build.0 = Debug|x64
		{58904A41-2D6F-4F37-8EE4-5367109F9856}.Debug|x86.ActiveCfg = Debug|x86
		{58904A41-2D6F-4F37-8EE4-5367109F9856}.Debug|x86.Build.0 = Debug|x86
		{58904A41-2D6F-4F37-8EE4-5367109F9856}.Release|Any CPU.ActiveCfg = Release|Any CPU
		{58904A41-2D6F-4F37-8EE4-5367109F9856}.Release|Any CPU.Build.0 = Release|Any CPU
		{58904A41-2D6F-4F37-8EE4-5367109F9856}.Release|x64.ActiveCfg = Release|x64
		{58904A41-2D6F-4F37-8EE4-5367109F9856}.Release|x64.Build.0 = Release|x64
		{58904A41-2D6F-4F37-8EE4-5367109F9856}.Release|x86.ActiveCfg = Release|x86
		{58904A41-2D6F-4F37-8EE4-5367109F9856}.Release|x86.Build.0 = Release|x86
		{93C9A4E0-E8F5-447B-9BD1-443393FA082B}.Debug|Any CPU.ActiveCfg = Debug|Any CPU
		{93C9A4E0-E8F5-447B-9BD1-443393FA082B}.Debug|Any CPU.Build.0 = Debug|Any CPU
		{93C9A4E0-E8F5-447B-9BD1-443393FA082B}.Debug|x64.ActiveCfg = Debug|x64
		{93C9A4E0-E8F5-447B-9BD1-443393FA082B}.Debug|x64.Build.0 = Debug|x64
		{93C9A4E0-E8F5-447B-9BD1-443393FA082B}.Debug|x86.ActiveCfg = Debug|x86
		{93C9A4E0-E8F5-447B-9BD1-443393FA082B}.Debug|x86.Build.0 = Debug|x86
		{93C9A4E0-E8F5-447B-9BD1-443393FA082B}.Release|Any CPU.ActiveCfg = Release|Any CPU
		{93C9A4E0-E8F5-447B-9BD1-443393FA082B}.Release|Any CPU.Build.0 = Release|Any CPU
		{93C9A4E0-E8F5-447B-9BD1-443393FA082B}.Release|x64.ActiveCfg = Release|x64
		{93C9A4E0-E8F5-447B-9BD1-443393FA082B}.Release|x64.Build.0 = Release|x64
		{93C9A4E0-E8F5-447B-9BD1-443393FA082B}.Release|x86.ActiveCfg = Release|x86
		{93C9A4E0-E8F5-447B-9BD1-443393FA082B}.Release|x86.Build.0 = Release|x86
		{42C06EEF-FE0A-499F-9086-9CC7B0523E00}.Debug|Any CPU.ActiveCfg = Debug|Any CPU
		{42C06EEF-FE0A-499F-9086-9CC7B0523E00}.Debug|Any CPU.Build.0 = Debug|Any CPU
		{42C06EEF-FE0A-499F-9086-9CC7B0523E00}.Debug|x64.ActiveCfg = Debug|x64
		{42C06EEF-FE0A-499F-9086-9CC7B0523E00}.Debug|x64.Build.0 = Debug|x64
		{42C06EEF-FE0A-499F-9086-9CC7B0523E00}.Debug|x86.ActiveCfg = Debug|x86
		{42C06EEF-FE0A-499F-9086-9CC7B0523E00}.Debug|x86.Build.0 = Debug|x86
		{42C06EEF-FE0A-499F-9086-9CC7B0523E00}.Release|Any CPU.ActiveCfg = Release|Any CPU
		{42C06EEF-FE0A-499F-9086-9CC7B0523E00}.Release|Any CPU.Build.0 = Release|Any CPU
		{42C06EEF-FE0A-499F-9086-9CC7B0523E00}.Release|x64.ActiveCfg = Release|Any CPU
		{42C06EEF-FE0A-499F-9086-9CC7B0523E00}.Release|x64.Build.0 = Release|Any CPU
		{42C06EEF-FE0A-499F-9086-9CC7B0523E00}.Release|x86.ActiveCfg = Release|Any CPU
		{42C06EEF-FE0A-499F-9086-9CC7B0523E00}.Release|x86.Build.0 = Release|Any CPU
		{61AD10D4-7F32-4846-90CB-FBAEB4FED2F5}.Debug|Any CPU.ActiveCfg = Debug|Any CPU
		{61AD10D4-7F32-4846-90CB-FBAEB4FED2F5}.Debug|Any CPU.Build.0 = Debug|Any CPU
		{61AD10D4-7F32-4846-90CB-FBAEB4FED2F5}.Debug|x64.ActiveCfg = Debug|x86
		{61AD10D4-7F32-4846-90CB-FBAEB4FED2F5}.Debug|x64.Build.0 = Debug|x86
		{61AD10D4-7F32-4846-90CB-FBAEB4FED2F5}.Debug|x86.ActiveCfg = Debug|x86
		{61AD10D4-7F32-4846-90CB-FBAEB4FED2F5}.Debug|x86.Build.0 = Debug|x86
		{61AD10D4-7F32-4846-90CB-FBAEB4FED2F5}.Release|Any CPU.ActiveCfg = Release|Any CPU
		{61AD10D4-7F32-4846-90CB-FBAEB4FED2F5}.Release|Any CPU.Build.0 = Release|Any CPU
		{61AD10D4-7F32-4846-90CB-FBAEB4FED2F5}.Release|x64.ActiveCfg = Release|Any CPU
		{61AD10D4-7F32-4846-90CB-FBAEB4FED2F5}.Release|x64.Build.0 = Release|Any CPU
		{61AD10D4-7F32-4846-90CB-FBAEB4FED2F5}.Release|x86.ActiveCfg = Release|Any CPU
		{61AD10D4-7F32-4846-90CB-FBAEB4FED2F5}.Release|x86.Build.0 = Release|Any CPU
		{40971C24-D1AA-4CAF-90E6-5FBBE1E80B76}.Debug|Any CPU.ActiveCfg = Debug|Any CPU
		{40971C24-D1AA-4CAF-90E6-5FBBE1E80B76}.Debug|Any CPU.Build.0 = Debug|Any CPU
		{40971C24-D1AA-4CAF-90E6-5FBBE1E80B76}.Debug|x64.ActiveCfg = Debug|x64
		{40971C24-D1AA-4CAF-90E6-5FBBE1E80B76}.Debug|x64.Build.0 = Debug|x64
		{40971C24-D1AA-4CAF-90E6-5FBBE1E80B76}.Debug|x86.ActiveCfg = Debug|x86
		{40971C24-D1AA-4CAF-90E6-5FBBE1E80B76}.Debug|x86.Build.0 = Debug|x86
		{40971C24-D1AA-4CAF-90E6-5FBBE1E80B76}.Release|Any CPU.ActiveCfg = Release|Any CPU
		{40971C24-D1AA-4CAF-90E6-5FBBE1E80B76}.Release|Any CPU.Build.0 = Release|Any CPU
		{40971C24-D1AA-4CAF-90E6-5FBBE1E80B76}.Release|x64.ActiveCfg = Release|x64
		{40971C24-D1AA-4CAF-90E6-5FBBE1E80B76}.Release|x64.Build.0 = Release|x64
		{40971C24-D1AA-4CAF-90E6-5FBBE1E80B76}.Release|x86.ActiveCfg = Release|x86
		{40971C24-D1AA-4CAF-90E6-5FBBE1E80B76}.Release|x86.Build.0 = Release|x86
	EndGlobalSection
	GlobalSection(SolutionProperties) = preSolution
		HideSolutionNode = FALSE
	EndGlobalSection
	GlobalSection(NestedProjects) = preSolution
		{67D115F5-4AB2-446C-A5CC-45B9ABA33CBA} = {062DFABB-D923-4BA7-9429-B5096D429C0C}
		{13AD993C-B08D-4DF8-BBEA-8B6856977060} = {062DFABB-D923-4BA7-9429-B5096D429C0C}
		{58904A41-2D6F-4F37-8EE4-5367109F9856} = {062DFABB-D923-4BA7-9429-B5096D429C0C}
	EndGlobalSection
	GlobalSection(ExtensibilityGlobals) = postSolution
		SolutionGuid = {80B79A7C-F59B-4C4F-A6E5-B25A5CBDF86E}
	EndGlobalSection
EndGlobal
